
Microsoft Visual Studio Solution File, Format Version 12.00
# Visual Studio Version 17
VisualStudioVersion = 17.10.35122.118
MinimumVisualStudioVersion = 10.0.40219.1
Project("{9A19103F-16F7-4668-BE54-9A1E7A4F7556}") = "ATMSystemSimulator", "ATMSystemSimulator\ATMSystemSimulator.csproj", "{98B68FBA-313D-47E2-94BB-0511FC30FF57}"
EndProject
Project("{54435603-DBB4-11D2-8724-00A0C9A8B90C}") = "ATMSystemSimulators", "ATMSystemSimulators\ATMSystemSimulators.vdproj", "{BF87A150-DB46-4531-AFE6-7D715B82EB37}"
EndProject
Global
	GlobalSection(SolutionConfigurationPlatforms) = preSolution
		Debug|Any CPU = Debug|Any CPU
		Release|Any CPU = Release|Any CPU
	EndGlobalSection
	GlobalSection(ProjectConfigurationPlatforms) = postSolution
		{98B68FBA-313D-47E2-94BB-0511FC30FF57}.Debug|Any CPU.ActiveCfg = Debug|Any CPU
		{98B68FBA-313D-47E2-94BB-0511FC30FF57}.Debug|Any CPU.Build.0 = Debug|Any CPU
		{98B68FBA-313D-47E2-94BB-0511FC30FF57}.Release|Any CPU.ActiveCfg = Release|Any CPU
		{98B68FBA-313D-47E2-94BB-0511FC30FF57}.Release|Any CPU.Build.0 = Release|Any CPU
		{BF87A150-DB46-4531-AFE6-7D715B82EB37}.Debug|Any CPU.ActiveCfg = Debug
		{BF87A150-DB46-4531-AFE6-7D715B82EB37}.Release|Any CPU.ActiveCfg = Release
	EndGlobalSection
	GlobalSection(SolutionProperties) = preSolution
		HideSolutionNode = FALSE
	EndGlobalSection
	GlobalSection(ExtensibilityGlobals) = postSolution
		SolutionGuid = {562C7CA2-838B-4459-8D5C-30D2D5A44F7B}
	EndGlobalSection
EndGlobal
